
Microsoft Visual Studio Solution File, Format Version 12.00
# Visual Studio 15
VisualStudioVersion = 15.0.27703.2047
MinimumVisualStudioVersion = 10.0.40219.1
Project("{FAE04EC0-301F-11D3-BF4B-00C04F79EFBC}") = "Projeto01_ApiChamados", "Projeto01_ApiChamados\Projeto01_ApiChamados.csproj", "{DB75BCD8-2BCE-4CD0-9D95-FB074FCE98E1}"
EndProject
Project("{FAE04EC0-301F-11D3-BF4B-00C04F79EFBC}") = "Projeto02_ClienteWebApiAjax", "Projeto02_ClienteWebApiAjax\Projeto02_ClienteWebApiAjax.csproj", "{D3BB0C6A-E3F5-4826-B792-121553842A6A}"
EndProject
Global
	GlobalSection(SolutionConfigurationPlatforms) = preSolution
		Debug|Any CPU = Debug|Any CPU
		Release|Any CPU = Release|Any CPU
	EndGlobalSection
	GlobalSection(ProjectConfigurationPlatforms) = postSolution
		{DB75BCD8-2BCE-4CD0-9D95-FB074FCE98E1}.Debug|Any CPU.ActiveCfg = Debug|Any CPU
		{DB75BCD8-2BCE-4CD0-9D95-FB074FCE98E1}.Debug|Any CPU.Build.0 = Debug|Any CPU
		{DB75BCD8-2BCE-4CD0-9D95-FB074FCE98E1}.Release|Any CPU.ActiveCfg = Release|Any CPU
		{DB75BCD8-2BCE-4CD0-9D95-FB074FCE98E1}.Release|Any CPU.Build.0 = Release|Any CPU
		{D3BB0C6A-E3F5-4826-B792-121553842A6A}.Debug|Any CPU.ActiveCfg = Debug|Any CPU
		{D3BB0C6A-E3F5-4826-B792-121553842A6A}.Debug|Any CPU.Build.0 = Debug|Any CPU
		{D3BB0C6A-E3F5-4826-B792-121553842A6A}.Release|Any CPU.ActiveCfg = Release|Any CPU
		{D3BB0C6A-E3F5-4826-B792-121553842A6A}.Release|Any CPU.Build.0 = Release|Any CPU
	EndGlobalSection
	GlobalSection(SolutionProperties) = preSolution
		HideSolutionNode = FALSE
	EndGlobalSection
	GlobalSection(ExtensibilityGlobals) = postSolution
		SolutionGuid = {69EA257E-F537-489C-AA09-0D456B26C1CD}
	EndGlobalSection
EndGlobal
